// !$*UTF8*$!
{
	archiveVersion = 1;
	classes = {
	};
	objectVersion = 55;
	objects = {

/* Begin PBXBuildFile section */
		A796F5629FB361B2A8EC49B5 /* Pods_YourClothest.framework in Frameworks */ = {isa = PBXBuildFile; fileRef = 504C684252A4D206FF6AE0DA /* Pods_YourClothest.framework */; };
		DB2A9E11274D8BB50086EDC5 /* MainViewController.swift in Sources */ = {isa = PBXBuildFile; fileRef = DB2A9E10274D8BB50086EDC5 /* MainViewController.swift */; };
		DB2A9E13274D8D490086EDC5 /* ClosetViewController.swift in Sources */ = {isa = PBXBuildFile; fileRef = DB2A9E12274D8D480086EDC5 /* ClosetViewController.swift */; };
		DB2A9E15274D8D4F0086EDC5 /* SelectViewController.swift in Sources */ = {isa = PBXBuildFile; fileRef = DB2A9E14274D8D4F0086EDC5 /* SelectViewController.swift */; };
		DB2A9E17274D93CD0086EDC5 /* ColorViewController.swift in Sources */ = {isa = PBXBuildFile; fileRef = DB2A9E16274D93CD0086EDC5 /* ColorViewController.swift */; };
		DB2A9E3D27520F1E0086EDC5 /* CustomTableViewCell.swift in Sources */ = {isa = PBXBuildFile; fileRef = DB2A9E3C27520F1E0086EDC5 /* CustomTableViewCell.swift */; };
		DB8134322753677600B63B06 /* Clothes.swift in Sources */ = {isa = PBXBuildFile; fileRef = DB8134312753677600B63B06 /* Clothes.swift */; };
		DB813434275391FA00B63B06 /* ImageCollectionViewController.swift in Sources */ = {isa = PBXBuildFile; fileRef = DB813433275391FA00B63B06 /* ImageCollectionViewController.swift */; };
		DBE3CCD0274640B9004BEB9E /* AppDelegate.swift in Sources */ = {isa = PBXBuildFile; fileRef = DBE3CCCF274640B9004BEB9E /* AppDelegate.swift */; };
		DBE3CCD2274640B9004BEB9E /* SceneDelegate.swift in Sources */ = {isa = PBXBuildFile; fileRef = DBE3CCD1274640B9004BEB9E /* SceneDelegate.swift */; };
		DBE3CCD7274640B9004BEB9E /* Main.storyboard in Resources */ = {isa = PBXBuildFile; fileRef = DBE3CCD5274640B9004BEB9E /* Main.storyboard */; };
		DBE3CCD9274640BB004BEB9E /* Assets.xcassets in Resources */ = {isa = PBXBuildFile; fileRef = DBE3CCD8274640BB004BEB9E /* Assets.xcassets */; };
		DBE3CCDC274640BB004BEB9E /* LaunchScreen.storyboard in Resources */ = {isa = PBXBuildFile; fileRef = DBE3CCDA274640BB004BEB9E /* LaunchScreen.storyboard */; };
/* End PBXBuildFile section */

/* Begin PBXFileReference section */
		504C684252A4D206FF6AE0DA /* Pods_YourClothest.framework */ = {isa = PBXFileReference; explicitFileType = wrapper.framework; includeInIndex = 0; path = Pods_YourClothest.framework; sourceTree = BUILT_PRODUCTS_DIR; };
		A2C02A3C151F1324C4118785 /* Pods-YourClothest.release.xcconfig */ = {isa = PBXFileReference; includeInIndex = 1; lastKnownFileType = text.xcconfig; name = "Pods-YourClothest.release.xcconfig"; path = "Target Support Files/Pods-YourClothest/Pods-YourClothest.release.xcconfig"; sourceTree = "<group>"; };
		C501AD5DD2FED5110DE29B3E /* Pods-YourClothest.debug.xcconfig */ = {isa = PBXFileReference; includeInIndex = 1; lastKnownFileType = text.xcconfig; name = "Pods-YourClothest.debug.xcconfig"; path = "Target Support Files/Pods-YourClothest/Pods-YourClothest.debug.xcconfig"; sourceTree = "<group>"; };
		DB2A9E10274D8BB50086EDC5 /* MainViewController.swift */ = {isa = PBXFileReference; lastKnownFileType = sourcecode.swift; path = MainViewController.swift; sourceTree = "<group>"; };
		DB2A9E12274D8D480086EDC5 /* ClosetViewController.swift */ = {isa = PBXFileReference; lastKnownFileType = sourcecode.swift; path = ClosetViewController.swift; sourceTree = "<group>"; };
		DB2A9E14274D8D4F0086EDC5 /* SelectViewController.swift */ = {isa = PBXFileReference; lastKnownFileType = sourcecode.swift; path = SelectViewController.swift; sourceTree = "<group>"; };
		DB2A9E16274D93CD0086EDC5 /* ColorViewController.swift */ = {isa = PBXFileReference; lastKnownFileType = sourcecode.swift; path = ColorViewController.swift; sourceTree = "<group>"; };
		DB2A9E3C27520F1E0086EDC5 /* CustomTableViewCell.swift */ = {isa = PBXFileReference; lastKnownFileType = sourcecode.swift; path = CustomTableViewCell.swift; sourceTree = "<group>"; };
		DB8134312753677600B63B06 /* Clothes.swift */ = {isa = PBXFileReference; lastKnownFileType = sourcecode.swift; path = Clothes.swift; sourceTree = "<group>"; };
		DB813433275391FA00B63B06 /* ImageCollectionViewController.swift */ = {isa = PBXFileReference; lastKnownFileType = sourcecode.swift; path = ImageCollectionViewController.swift; sourceTree = "<group>"; };
		DBE3CCCC274640B9004BEB9E /* YourClothest.app */ = {isa = PBXFileReference; explicitFileType = wrapper.application; includeInIndex = 0; path = YourClothest.app; sourceTree = BUILT_PRODUCTS_DIR; };
		DBE3CCCF274640B9004BEB9E /* AppDelegate.swift */ = {isa = PBXFileReference; lastKnownFileType = sourcecode.swift; path = AppDelegate.swift; sourceTree = "<group>"; };
		DBE3CCD1274640B9004BEB9E /* SceneDelegate.swift */ = {isa = PBXFileReference; lastKnownFileType = sourcecode.swift; path = SceneDelegate.swift; sourceTree = "<group>"; };
		DBE3CCD6274640B9004BEB9E /* Base */ = {isa = PBXFileReference; lastKnownFileType = file.storyboard; name = Base; path = Base.lproj/Main.storyboard; sourceTree = "<group>"; };
		DBE3CCD8274640BB004BEB9E /* Assets.xcassets */ = {isa = PBXFileReference; lastKnownFileType = folder.assetcatalog; path = Assets.xcassets; sourceTree = "<group>"; };
		DBE3CCDB274640BB004BEB9E /* Base */ = {isa = PBXFileReference; lastKnownFileType = file.storyboard; name = Base; path = Base.lproj/LaunchScreen.storyboard; sourceTree = "<group>"; };
		DBE3CCDD274640BB004BEB9E /* Info.plist */ = {isa = PBXFileReference; lastKnownFileType = text.plist.xml; path = Info.plist; sourceTree = "<group>"; };
/* End PBXFileReference section */

/* Begin PBXFrameworksBuildPhase section */
		DBE3CCC9274640B9004BEB9E /* Frameworks */ = {
			isa = PBXFrameworksBuildPhase;
			buildActionMask = 2147483647;
			files = (
				A796F5629FB361B2A8EC49B5 /* Pods_YourClothest.framework in Frameworks */,
			);
			runOnlyForDeploymentPostprocessing = 0;
		};
/* End PBXFrameworksBuildPhase section */

/* Begin PBXGroup section */
		DBE3CCC3274640B9004BEB9E = {
			isa = PBXGroup;
			children = (
				DBE3CCCE274640B9004BEB9E /* YourClothest */,
				DBE3CCCD274640B9004BEB9E /* Products */,
				E289EC7C027B8C2F27626B2A /* Pods */,
				EF8347BF7876E78692F51D21 /* Frameworks */,
			);
			sourceTree = "<group>";
		};
		DBE3CCCD274640B9004BEB9E /* Products */ = {
			isa = PBXGroup;
			children = (
				DBE3CCCC274640B9004BEB9E /* YourClothest.app */,
			);
			name = Products;
			sourceTree = "<group>";
		};
		DBE3CCCE274640B9004BEB9E /* YourClothest */ = {
			isa = PBXGroup;
			children = (
				DBE3CCCF274640B9004BEB9E /* AppDelegate.swift */,
				DBE3CCD1274640B9004BEB9E /* SceneDelegate.swift */,
				DBE3CCD5274640B9004BEB9E /* Main.storyboard */,
				DBE3CCD8274640BB004BEB9E /* Assets.xcassets */,
				DBE3CCDA274640BB004BEB9E /* LaunchScreen.storyboard */,
				DBE3CCDD274640BB004BEB9E /* Info.plist */,
				DB2A9E10274D8BB50086EDC5 /* MainViewController.swift */,
				DB2A9E12274D8D480086EDC5 /* ClosetViewController.swift */,
				DB2A9E14274D8D4F0086EDC5 /* SelectViewController.swift */,
				DB2A9E16274D93CD0086EDC5 /* ColorViewController.swift */,
				DB2A9E3C27520F1E0086EDC5 /* CustomTableViewCell.swift */,
				DB8134312753677600B63B06 /* Clothes.swift */,
				DB813433275391FA00B63B06 /* ImageCollectionViewController.swift */,
			);
			path = YourClothest;
			sourceTree = "<group>";
		};
		E289EC7C027B8C2F27626B2A /* Pods */ = {
			isa = PBXGroup;
			children = (
				C501AD5DD2FED5110DE29B3E /* Pods-YourClothest.debug.xcconfig */,
				A2C02A3C151F1324C4118785 /* Pods-YourClothest.release.xcconfig */,
			);
			path = Pods;
			sourceTree = "<group>";
		};
		EF8347BF7876E78692F51D21 /* Frameworks */ = {
			isa = PBXGroup;
			children = (
				504C684252A4D206FF6AE0DA /* Pods_YourClothest.framework */,
			);
			name = Frameworks;
			sourceTree = "<group>";
		};
/* End PBXGroup section */

/* Begin PBXNativeTarget section */
		DBE3CCCB274640B9004BEB9E /* YourClothest */ = {
			isa = PBXNativeTarget;
			buildConfigurationList = DBE3CCE0274640BB004BEB9E /* Build configuration list for PBXNativeTarget "YourClothest" */;
			buildPhases = (
				C7E0841D4F84B1D4BE9EABB1 /* [CP] Check Pods Manifest.lock */,
				DBE3CCC8274640B9004BEB9E /* Sources */,
				DBE3CCC9274640B9004BEB9E /* Frameworks */,
				DBE3CCCA274640B9004BEB9E /* Resources */,
				4B3F08382086913A3E74133D /* [CP] Embed Pods Frameworks */,
			);
			buildRules = (
			);
			dependencies = (
			);
			name = YourClothest;
			productName = YourClothest;
			productReference = DBE3CCCC274640B9004BEB9E /* YourClothest.app */;
			productType = "com.apple.product-type.application";
		};
/* End PBXNativeTarget section */

/* Begin PBXProject section */
		DBE3CCC4274640B9004BEB9E /* Project object */ = {
			isa = PBXProject;
			attributes = {
				BuildIndependentTargetsInParallel = 1;
				LastSwiftUpdateCheck = 1310;
				LastUpgradeCheck = 1310;
				TargetAttributes = {
					DBE3CCCB274640B9004BEB9E = {
						CreatedOnToolsVersion = 13.1;
					};
				};
			};
			buildConfigurationList = DBE3CCC7274640B9004BEB9E /* Build configuration list for PBXProject "YourClothest" */;
			compatibilityVersion = "Xcode 13.0";
			developmentRegion = en;
			hasScannedForEncodings = 0;
			knownRegions = (
				en,
				Base,
			);
			mainGroup = DBE3CCC3274640B9004BEB9E;
			productRefGroup = DBE3CCCD274640B9004BEB9E /* Products */;
			projectDirPath = "";
			projectRoot = "";
			targets = (
				DBE3CCCB274640B9004BEB9E /* YourClothest */,
			);
		};
/* End PBXProject section */

/* Begin PBXResourcesBuildPhase section */
		DBE3CCCA274640B9004BEB9E /* Resources */ = {
			isa = PBXResourcesBuildPhase;
			buildActionMask = 2147483647;
			files = (
				DBE3CCDC274640BB004BEB9E /* LaunchScreen.storyboard in Resources */,
				DBE3CCD9274640BB004BEB9E /* Assets.xcassets in Resources */,
				DBE3CCD7274640B9004BEB9E /* Main.storyboard in Resources */,
			);
			runOnlyForDeploymentPostprocessing = 0;
		};
/* End PBXResourcesBuildPhase section */

/* Begin PBXShellScriptBuildPhase section */
		4B3F08382086913A3E74133D /* [CP] Embed Pods Frameworks */ = {
			isa = PBXShellScriptBuildPhase;
			buildActionMask = 2147483647;
			files = (
			);
			inputFileListPaths = (
				"${PODS_ROOT}/Target Support Files/Pods-YourClothest/Pods-YourClothest-frameworks-${CONFIGURATION}-input-files.xcfilelist",
			);
			name = "[CP] Embed Pods Frameworks";
			outputFileListPaths = (
				"${PODS_ROOT}/Target Support Files/Pods-YourClothest/Pods-YourClothest-frameworks-${CONFIGURATION}-output-files.xcfilelist",
			);
			runOnlyForDeploymentPostprocessing = 0;
			shellPath = /bin/sh;
			shellScript = "\"${PODS_ROOT}/Target Support Files/Pods-YourClothest/Pods-YourClothest-frameworks.sh\"\n";
			showEnvVarsInLog = 0;
		};
		C7E0841D4F84B1D4BE9EABB1 /* [CP] Check Pods Manifest.lock */ = {
			isa = PBXShellScriptBuildPhase;
			buildActionMask = 2147483647;
			files = (
			);
			inputFileListPaths = (
			);
			inputPaths = (
				"${PODS_PODFILE_DIR_PATH}/Podfile.lock",
				"${PODS_ROOT}/Manifest.lock",
			);
			name = "[CP] Check Pods Manifest.lock";
			outputFileListPaths = (
			);
			outputPaths = (
				"$(DERIVED_FILE_DIR)/Pods-YourClothest-checkManifestLockResult.txt",
			);
			runOnlyForDeploymentPostprocessing = 0;
			shellPath = /bin/sh;
			shellScript = "diff \"${PODS_PODFILE_DIR_PATH}/Podfile.lock\" \"${PODS_ROOT}/Manifest.lock\" > /dev/null\nif [ $? != 0 ] ; then\n    # print error to STDERR\n    echo \"error: The sandbox is not in sync with the Podfile.lock. Run 'pod install' or update your CocoaPods installation.\" >&2\n    exit 1\nfi\n# This output is used by Xcode 'outputs' to avoid re-running this script phase.\necho \"SUCCESS\" > \"${SCRIPT_OUTPUT_FILE_0}\"\n";
			showEnvVarsInLog = 0;
		};
/* End PBXShellScriptBuildPhase section */

/* Begin PBXSourcesBuildPhase section */
		DBE3CCC8274640B9004BEB9E /* Sources */ = {
			isa = PBXSourcesBuildPhase;
			buildActionMask = 2147483647;
			files = (
				DB813434275391FA00B63B06 /* ImageCollectionViewController.swift in Sources */,
				DB8134322753677600B63B06 /* Clothes.swift in Sources */,
				DB2A9E15274D8D4F0086EDC5 /* SelectViewController.swift in Sources */,
				DBE3CCD0274640B9004BEB9E /* AppDelegate.swift in Sources */,
				DBE3CCD2274640B9004BEB9E /* SceneDelegate.swift in Sources */,
				DB2A9E3D27520F1E0086EDC5 /* CustomTableViewCell.swift in Sources */,
				DB2A9E13274D8D490086EDC5 /* ClosetViewController.swift in Sources */,
				DB2A9E17274D93CD0086EDC5 /* ColorViewController.swift in Sources */,
				DB2A9E11274D8BB50086EDC5 /* MainViewController.swift in Sources */,
			);
			runOnlyForDeploymentPostprocessing = 0;
		};
/* End PBXSourcesBuildPhase section */

/* Begin PBXVariantGroup section */
		DBE3CCD5274640B9004BEB9E /* Main.storyboard */ = {
			isa = PBXVariantGroup;
			children = (
				DBE3CCD6274640B9004BEB9E /* Base */,
			);
			name = Main.storyboard;
			sourceTree = "<group>";
		};
		DBE3CCDA274640BB004BEB9E /* LaunchScreen.storyboard */ = {
			isa = PBXVariantGroup;
			children = (
				DBE3CCDB274640BB004BEB9E /* Base */,
			);
			name = LaunchScreen.storyboard;
			sourceTree = "<group>";
		};
/* End PBXVariantGroup section */

/* Begin XCBuildConfiguration section */
		DBE3CCDE274640BB004BEB9E /* Debug */ = {
			isa = XCBuildConfiguration;
			buildSettings = {
				ALWAYS_SEARCH_USER_PATHS = NO;
				CLANG_ANALYZER_NONNULL = YES;
				CLANG_ANALYZER_NUMBER_OBJECT_CONVERSION = YES_AGGRESSIVE;
				CLANG_CXX_LANGUAGE_STANDARD = "gnu++17";
				CLANG_CXX_LIBRARY = "libc++";
				CLANG_ENABLE_MODULES = YES;
				CLANG_ENABLE_OBJC_ARC = YES;
				CLANG_ENABLE_OBJC_WEAK = YES;
				CLANG_WARN_BLOCK_CAPTURE_AUTORELEASING = YES;
				CLANG_WARN_BOOL_CONVERSION = YES;
				CLANG_WARN_COMMA = YES;
				CLANG_WARN_CONSTANT_CONVERSION = YES;
				CLANG_WARN_DEPRECATED_OBJC_IMPLEMENTATIONS = YES;
				CLANG_WARN_DIRECT_OBJC_ISA_USAGE = YES_ERROR;
				CLANG_WARN_DOCUMENTATION_COMMENTS = YES;
				CLANG_WARN_EMPTY_BODY = YES;
				CLANG_WARN_ENUM_CONVERSION = YES;
				CLANG_WARN_INFINITE_RECURSION = YES;
				CLANG_WARN_INT_CONVERSION = YES;
				CLANG_WARN_NON_LITERAL_NULL_CONVERSION = YES;
				CLANG_WARN_OBJC_IMPLICIT_RETAIN_SELF = YES;
				CLANG_WARN_OBJC_LITERAL_CONVERSION = YES;
				CLANG_WARN_OBJC_ROOT_CLASS = YES_ERROR;
				CLANG_WARN_QUOTED_INCLUDE_IN_FRAMEWORK_HEADER = YES;
				CLANG_WARN_RANGE_LOOP_ANALYSIS = YES;
				CLANG_WARN_STRICT_PROTOTYPES = YES;
				CLANG_WARN_SUSPICIOUS_MOVE = YES;
				CLANG_WARN_UNGUARDED_AVAILABILITY = YES_AGGRESSIVE;
				CLANG_WARN_UNREACHABLE_CODE = YES;
				CLANG_WARN__DUPLICATE_METHOD_MATCH = YES;
				COPY_PHASE_STRIP = NO;
				DEBUG_INFORMATION_FORMAT = dwarf;
				ENABLE_STRICT_OBJC_MSGSEND = YES;
				ENABLE_TESTABILITY = YES;
				GCC_C_LANGUAGE_STANDARD = gnu11;
				GCC_DYNAMIC_NO_PIC = NO;
				GCC_NO_COMMON_BLOCKS = YES;
				GCC_OPTIMIZATION_LEVEL = 0;
				GCC_PREPROCESSOR_DEFINITIONS = (
					"DEBUG=1",
					"$(inherited)",
				);
				GCC_WARN_64_TO_32_BIT_CONVERSION = YES;
				GCC_WARN_ABOUT_RETURN_TYPE = YES_ERROR;
				GCC_WARN_UNDECLARED_SELECTOR = YES;
				GCC_WARN_UNINITIALIZED_AUTOS = YES_AGGRESSIVE;
				GCC_WARN_UNUSED_FUNCTION = YES;
				GCC_WARN_UNUSED_VARIABLE = YES;
				IPHONEOS_DEPLOYMENT_TARGET = 15.0;
				MTL_ENABLE_DEBUG_INFO = INCLUDE_SOURCE;
				MTL_FAST_MATH = YES;
				ONLY_ACTIVE_ARCH = YES;
				SDKROOT = iphoneos;
				SWIFT_ACTIVE_COMPILATION_CONDITIONS = DEBUG;
				SWIFT_OPTIMIZATION_LEVEL = "-Onone";
			};
			name = Debug;
		};
		DBE3CCDF274640BB004BEB9E /* Release */ = {
			isa = XCBuildConfiguration;
			buildSettings = {
				ALWAYS_SEARCH_USER_PATHS = NO;
				CLANG_ANALYZER_NONNULL = YES;
				CLANG_ANALYZER_NUMBER_OBJECT_CONVERSION = YES_AGGRESSIVE;
				CLANG_CXX_LANGUAGE_STANDARD = "gnu++17";
				CLANG_CXX_LIBRARY = "libc++";
				CLANG_ENABLE_MODULES = YES;
				CLANG_ENABLE_OBJC_ARC = YES;
				CLANG_ENABLE_OBJC_WEAK = YES;
				CLANG_WARN_BLOCK_CAPTURE_AUTORELEASING = YES;
				CLANG_WARN_BOOL_CONVERSION = YES;
				CLANG_WARN_COMMA = YES;
				CLANG_WARN_CONSTANT_CONVERSION = YES;
				CLANG_WARN_DEPRECATED_OBJC_IMPLEMENTATIONS = YES;
				CLANG_WARN_DIRECT_OBJC_ISA_USAGE = YES_ERROR;
				CLANG_WARN_DOCUMENTATION_COMMENTS = YES;
				CLANG_WARN_EMPTY_BODY = YES;
				CLANG_WARN_ENUM_CONVERSION = YES;
				CLANG_WARN_INFINITE_RECURSION = YES;
				CLANG_WARN_INT_CONVERSION = YES;
				CLANG_WARN_NON_LITERAL_NULL_CONVERSION = YES;
				CLANG_WARN_OBJC_IMPLICIT_RETAIN_SELF = YES;
				CLANG_WARN_OBJC_LITERAL_CONVERSION = YES;
				CLANG_WARN_OBJC_ROOT_CLASS = YES_ERROR;
				CLANG_WARN_QUOTED_INCLUDE_IN_FRAMEWORK_HEADER = YES;
				CLANG_WARN_RANGE_LOOP_ANALYSIS = YES;
				CLANG_WARN_STRICT_PROTOTYPES = YES;
				CLANG_WARN_SUSPICIOUS_MOVE = YES;
				CLANG_WARN_UNGUARDED_AVAILABILITY = YES_AGGRESSIVE;
				CLANG_WARN_UNREACHABLE_CODE = YES;
				CLANG_WARN__DUPLICATE_METHOD_MATCH = YES;
				COPY_PHASE_STRIP = NO;
				DEBUG_INFORMATION_FORMAT = "dwarf-with-dsym";
				ENABLE_NS_ASSERTIONS = NO;
				ENABLE_STRICT_OBJC_MSGSEND = YES;
				GCC_C_LANGUAGE_STANDARD = gnu11;
				GCC_NO_COMMON_BLOCKS = YES;
				GCC_WARN_64_TO_32_BIT_CONVERSION = YES;
				GCC_WARN_ABOUT_RETURN_TYPE = YES_ERROR;
				GCC_WARN_UNDECLARED_SELECTOR = YES;
				GCC_WARN_UNINITIALIZED_AUTOS = YES_AGGRESSIVE;
				GCC_WARN_UNUSED_FUNCTION = YES;
				GCC_WARN_UNUSED_VARIABLE = YES;
				IPHONEOS_DEPLOYMENT_TARGET = 15.0;
				MTL_ENABLE_DEBUG_INFO = NO;
				MTL_FAST_MATH = YES;
				SDKROOT = iphoneos;
				SWIFT_COMPILATION_MODE = wholemodule;
				SWIFT_OPTIMIZATION_LEVEL = "-O";
				VALIDATE_PRODUCT = YES;
			};
			name = Release;
		};
		DBE3CCE1274640BB004BEB9E /* Debug */ = {
			isa = XCBuildConfiguration;
			baseConfigurationReference = C501AD5DD2FED5110DE29B3E /* Pods-YourClothest.debug.xcconfig */;
			buildSettings = {
				ASSETCATALOG_COMPILER_APPICON_NAME = AppIcon;
				ASSETCATALOG_COMPILER_GLOBAL_ACCENT_COLOR_NAME = AccentColor;
				CODE_SIGN_STYLE = Automatic;
				CURRENT_PROJECT_VERSION = 1;
				DEVELOPMENT_TEAM = A6MZ3TY5ZX;
				GENERATE_INFOPLIST_FILE = YES;
				INFOPLIST_FILE = YourClothest/Info.plist;
				INFOPLIST_KEY_UIApplicationSupportsIndirectInputEvents = YES;
				INFOPLIST_KEY_UILaunchStoryboardName = LaunchScreen;
				INFOPLIST_KEY_UIMainStoryboardFile = Main;
				INFOPLIST_KEY_UISupportedInterfaceOrientations_iPad = "UIInterfaceOrientationPortrait UIInterfaceOrientationPortraitUpsideDown UIInterfaceOrientationLandscapeLeft UIInterfaceOrientationLandscapeRight";
				INFOPLIST_KEY_UISupportedInterfaceOrientations_iPhone = "UIInterfaceOrientationPortrait UIInterfaceOrientationLandscapeLeft UIInterfaceOrientationLandscapeRight";
				LD_RUNPATH_SEARCH_PATHS = (
					"$(inherited)",
					"@executable_path/Frameworks",
				);
				MARKETING_VERSION = 1.0;
				PRODUCT_BUNDLE_IDENTIFIER = SuhyunKim.YourClothest;
				PRODUCT_NAME = "$(TARGET_NAME)";
				SWIFT_EMIT_LOC_STRINGS = YES;
				SWIFT_VERSION = 5.0;
				TARGETED_DEVICE_FAMILY = "1,2";
			};
			name = Debug;
		};
		DBE3CCE2274640BB004BEB9E /* Release */ = {
			isa = XCBuildConfiguration;
			baseConfigurationReference = A2C02A3C151F1324C4118785 /* Pods-YourClothest.release.xcconfig */;
			buildSettings = {
				ASSETCATALOG_COMPILER_APPICON_NAME = AppIcon;
				ASSETCATALOG_COMPILER_GLOBAL_ACCENT_COLOR_NAME = AccentColor;
				CODE_SIGN_STYLE = Automatic;
				CURRENT_PROJECT_VERSION = 1;
				DEVELOPMENT_TEAM = A6MZ3TY5ZX;
				GENERATE_INFOPLIST_FILE = YES;
				INFOPLIST_FILE = YourClothest/Info.plist;
				INFOPLIST_KEY_UIApplicationSupportsIndirectInputEvents = YES;
				INFOPLIST_KEY_UILaunchStoryboardName = LaunchScreen;
				INFOPLIST_KEY_UIMainStoryboardFile = Main;
				INFOPLIST_KEY_UISupportedInterfaceOrientations_iPad = "UIInterfaceOrientationPortrait UIInterfaceOrientationPortraitUpsideDown UIInterfaceOrientationLandscapeLeft UIInterfaceOrientationLandscapeRight";
				INFOPLIST_KEY_UISupportedInterfaceOrientations_iPhone = "UIInterfaceOrientationPortrait UIInterfaceOrientationLandscapeLeft UIInterfaceOrientationLandscapeRight";
				LD_RUNPATH_SEARCH_PATHS = (
					"$(inherited)",
					"@executable_path/Frameworks",
				);
				MARKETING_VERSION = 1.0;
				PRODUCT_BUNDLE_IDENTIFIER = SuhyunKim.YourClothest;
				PRODUCT_NAME = "$(TARGET_NAME)";
				SWIFT_EMIT_LOC_STRINGS = YES;
				SWIFT_VERSION = 5.0;
				TARGETED_DEVICE_FAMILY = "1,2";
			};
			name = Release;
		};
/* End XCBuildConfiguration section */

/* Begin XCConfigurationList section */
		DBE3CCC7274640B9004BEB9E /* Build configuration list for PBXProject "YourClothest" */ = {
			isa = XCConfigurationList;
			buildConfigurations = (
				DBE3CCDE274640BB004BEB9E /* Debug */,
				DBE3CCDF274640BB004BEB9E /* Release */,
			);
			defaultConfigurationIsVisible = 0;
			defaultConfigurationName = Release;
		};
		DBE3CCE0274640BB004BEB9E /* Build configuration list for PBXNativeTarget "YourClothest" */ = {
			isa = XCConfigurationList;
			buildConfigurations = (
				DBE3CCE1274640BB004BEB9E /* Debug */,
				DBE3CCE2274640BB004BEB9E /* Release */,
			);
			defaultConfigurationIsVisible = 0;
			defaultConfigurationName = Release;
		};
/* End XCConfigurationList section */
	};
	rootObject = DBE3CCC4274640B9004BEB9E /* Project object */;
}
